<?xml version="1.0" encoding="UTF-8"?>
<CodeBlocks_project_file>
	<FileVersion major="1" minor="6"/>
	<Project>
		<Option title="tsab"/>
		<Option makefile_is_custom="1"/>
		<Option compiler="gcc"/>
		<Option virtualFolders="CMake Files\;CMake Files\cmake\;"/>
		<Build>
			<Target title="all">
				<Option working_dir="/home/egor/tsab"/>
				<Option type="4"/>
				<MakeCommands>
					<Build command="/usr/bin/make -f &quot;/home/egor/tsab/Makefile&quot;  VERBOSE=1 all"/>
					<CompileFile command="/usr/bin/make -f &quot;/home/egor/tsab/Makefile&quot;  VERBOSE=1 &quot;$file&quot;"/>
					<Clean command="/usr/bin/make -f &quot;/home/egor/tsab/Makefile&quot;  VERBOSE=1 clean"/>
					<DistClean command="/usr/bin/make -f &quot;/home/egor/tsab/Makefile&quot;  VERBOSE=1 clean"/>
				</MakeCommands>
			</Target>
			<Target title="rebuild_cache">
				<Option working_dir="/home/egor/tsab"/>
				<Option type="4"/>
				<MakeCommands>
					<Build command="/usr/bin/make -f &quot;/home/egor/tsab/Makefile&quot;  VERBOSE=1 rebuild_cache"/>
					<CompileFile command="/usr/bin/make -f &quot;/home/egor/tsab/Makefile&quot;  VERBOSE=1 &quot;$file&quot;"/>
					<Clean command="/usr/bin/make -f &quot;/home/egor/tsab/Makefile&quot;  VERBOSE=1 clean"/>
					<DistClean command="/usr/bin/make -f &quot;/home/egor/tsab/Makefile&quot;  VERBOSE=1 clean"/>
				</MakeCommands>
			</Target>
			<Target title="edit_cache">
				<Option working_dir="/home/egor/tsab"/>
				<Option type="4"/>
				<MakeCommands>
					<Build command="/usr/bin/make -f &quot;/home/egor/tsab/Makefile&quot;  VERBOSE=1 edit_cache"/>
					<CompileFile command="/usr/bin/make -f &quot;/home/egor/tsab/Makefile&quot;  VERBOSE=1 &quot;$file&quot;"/>
					<Clean command="/usr/bin/make -f &quot;/home/egor/tsab/Makefile&quot;  VERBOSE=1 clean"/>
					<DistClean command="/usr/bin/make -f &quot;/home/egor/tsab/Makefile&quot;  VERBOSE=1 clean"/>
				</MakeCommands>
			</Target>
			<Target title="tsab">
				<Option output="/home/egor/tsab/tsab" prefix_auto="0" extension_auto="0"/>
				<Option working_dir="/home/egor/tsab"/>
				<Option object_output="./"/>
				<Option type="1"/>
				<Option compiler="gcc"/>
				<Compiler>
					<Add directory="/home/egor/tsab/src"/>
					<Add directory="/home/egor/tsab/libs/include"/>
					<Add directory="/usr/include/SDL2"/>
				</Compiler>
				<MakeCommands>
					<Build command="/usr/bin/make -f &quot;/home/egor/tsab/Makefile&quot;  VERBOSE=1 tsab"/>
					<CompileFile command="/usr/bin/make -f &quot;/home/egor/tsab/Makefile&quot;  VERBOSE=1 &quot;$file&quot;"/>
					<Clean command="/usr/bin/make -f &quot;/home/egor/tsab/Makefile&quot;  VERBOSE=1 clean"/>
					<DistClean command="/usr/bin/make -f &quot;/home/egor/tsab/Makefile&quot;  VERBOSE=1 clean"/>
				</MakeCommands>
			</Target>
			<Target title="tsab/fast">
				<Option output="/home/egor/tsab/tsab" prefix_auto="0" extension_auto="0"/>
				<Option working_dir="/home/egor/tsab"/>
				<Option object_output="./"/>
				<Option type="1"/>
				<Option compiler="gcc"/>
				<Compiler>
					<Add directory="/home/egor/tsab/src"/>
					<Add directory="/home/egor/tsab/libs/include"/>
					<Add directory="/usr/include/SDL2"/>
				</Compiler>
				<MakeCommands>
					<Build command="/usr/bin/make -f &quot;/home/egor/tsab/Makefile&quot;  VERBOSE=1 tsab/fast"/>
					<CompileFile command="/usr/bin/make -f &quot;/home/egor/tsab/Makefile&quot;  VERBOSE=1 &quot;$file&quot;"/>
					<Clean command="/usr/bin/make -f &quot;/home/egor/tsab/Makefile&quot;  VERBOSE=1 clean"/>
					<DistClean command="/usr/bin/make -f &quot;/home/egor/tsab/Makefile&quot;  VERBOSE=1 clean"/>
				</MakeCommands>
			</Target>
		</Build>
		<Unit filename="/home/egor/tsab/src/audio.cpp">
			<Option target="tsab"/>
		</Unit>
		<Unit filename="/home/egor/tsab/src/audio.hpp">
			<Option target="tsab"/>
		</Unit>
		<Unit filename="/home/egor/tsab/src/fs.cpp">
			<Option target="tsab"/>
		</Unit>
		<Unit filename="/home/egor/tsab/src/fs.hpp">
			<Option target="tsab"/>
		</Unit>
		<Unit filename="/home/egor/tsab/src/graphics.cpp">
			<Option target="tsab"/>
		</Unit>
		<Unit filename="/home/egor/tsab/src/graphics.hpp">
			<Option target="tsab"/>
		</Unit>
		<Unit filename="/home/egor/tsab/src/input.cpp">
			<Option target="tsab"/>
		</Unit>
		<Unit filename="/home/egor/tsab/src/input.hpp">
			<Option target="tsab"/>
		</Unit>
		<Unit filename="/home/egor/tsab/src/lua.cpp">
			<Option target="tsab"/>
		</Unit>
		<Unit filename="/home/egor/tsab/src/lua.hpp">
			<Option target="tsab"/>
		</Unit>
		<Unit filename="/home/egor/tsab/src/main.cpp">
			<Option target="tsab"/>
		</Unit>
		<Unit filename="/home/egor/tsab/src/shaders.cpp">
			<Option target="tsab"/>
		</Unit>
		<Unit filename="/home/egor/tsab/src/shaders.hpp">
			<Option target="tsab"/>
		</Unit>
		<Unit filename="/home/egor/tsab/src/tsab.cpp">
			<Option target="tsab"/>
		</Unit>
		<Unit filename="/home/egor/tsab/src/tsab.hpp">
			<Option target="tsab"/>
		</Unit>
		<Unit filename="/home/egor/tsab/CMakeLists.txt">
			<Option virtualFolder="CMake Files\"/>
		</Unit>
		<Unit filename="/home/egor/tsab/cmake/FindSDL2.cmake">
			<Option virtualFolder="CMake Files\cmake\"/>
		</Unit>
		<Unit filename="/home/egor/tsab/cmake/FindSDL2_image.cmake">
			<Option virtualFolder="CMake Files\cmake\"/>
		</Unit>
		<Unit filename="/home/egor/tsab/cmake/FindSDL2_mixer.cmake">
			<Option virtualFolder="CMake Files\cmake\"/>
		</Unit>
		<Unit filename="/home/egor/tsab/cmake/FindSDL2_ttf.cmake">
			<Option virtualFolder="CMake Files\cmake\"/>
		</Unit>
	</Project>
</CodeBlocks_project_file>
